
Microsoft Visual Studio Solution File, Format Version 12.00
Project("{FAE04EC0-301F-11D3-BF4B-00C04F79EFBC}") = "MonSite", "MonSite\MonSite.csproj", "{11DCF50E-7793-4779-A5A0-05850A44FCD5}"
EndProject
Global
	GlobalSection(SolutionConfigurationPlatforms) = preSolution
		Debug|Any CPU = Debug|Any CPU
		Release|Any CPU = Release|Any CPU
	EndGlobalSection
	GlobalSection(ProjectConfigurationPlatforms) = postSolution
		{11DCF50E-7793-4779-A5A0-05850A44FCD5}.Debug|Any CPU.ActiveCfg = Debug|Any CPU
		{11DCF50E-7793-4779-A5A0-05850A44FCD5}.Debug|Any CPU.Build.0 = Debug|Any CPU
		{11DCF50E-7793-4779-A5A0-05850A44FCD5}.Release|Any CPU.ActiveCfg = Release|Any CPU
		{11DCF50E-7793-4779-A5A0-05850A44FCD5}.Release|Any CPU.Build.0 = Release|Any CPU
	EndGlobalSection
EndGlobal
